
Microsoft Visual Studio Solution File, Format Version 12.00
# Visual Studio Version 17
VisualStudioVersion = 17.0.31903.59
MinimumVisualStudioVersion = 10.0.40219.1
Project("{FAE04EC0-301F-11D3-BF4B-00C04F79EFBC}") = "projeto1", "projeto1\projeto1.csproj", "{B2D3E4EF-9D73-410D-83E7-47FE8CB397BB}"
EndProject
Project("{FAE04EC0-301F-11D3-BF4B-00C04F79EFBC}") = "projeto2", "projeto2\projeto2.csproj", "{98BA1543-6F77-4524-AB73-273AA11C49C9}"
EndProject
Project("{FAE04EC0-301F-11D3-BF4B-00C04F79EFBC}") = "projeto3", "projeto3\projeto3.csproj", "{D2B8A91F-B4CA-4120-9430-20ACD871769E}"
EndProject
Project("{FAE04EC0-301F-11D3-BF4B-00C04F79EFBC}") = "projeto4", "projeto4\projeto4.csproj", "{801803E9-EC5B-410A-82D3-2A30F2CDE3A9}"
EndProject
Project("{FAE04EC0-301F-11D3-BF4B-00C04F79EFBC}") = "exercicio_uri_1009", "exercicio_uri_1009\exercicio_uri_1009.csproj", "{CAC5E72D-54E4-4E44-BF35-36586FB45F63}"
EndProject
Project("{FAE04EC0-301F-11D3-BF4B-00C04F79EFBC}") = "exercicio_uri_1011", "exercicio_uri_1011\exercicio_uri_1011.csproj", "{87722185-91F4-4B0B-8B15-543C1E495B38}"
EndProject
Project("{FAE04EC0-301F-11D3-BF4B-00C04F79EFBC}") = "projeto5", "projeto5\projeto5.csproj", "{E48D7833-7FFE-465E-868A-646117D44DA3}"
EndProject
Project("{FAE04EC0-301F-11D3-BF4B-00C04F79EFBC}") = "projeto6", "projeto6\projeto6.csproj", "{4588B332-FE77-45A1-8CF0-BCFF55D1954D}"
EndProject
Project("{FAE04EC0-301F-11D3-BF4B-00C04F79EFBC}") = "projeto7", "projeto7\projeto7.csproj", "{3D84AFCA-AD5A-419F-A19F-2C4739C12C4C}"
EndProject
Project("{FAE04EC0-301F-11D3-BF4B-00C04F79EFBC}") = "projeto8_exercicio01", "projeto8_exercicio01\projeto8_exercicio01.csproj", "{380CCBFF-0856-4605-A648-F2C5E12DC7BC}"
EndProject
Global
	GlobalSection(SolutionConfigurationPlatforms) = preSolution
		Debug|Any CPU = Debug|Any CPU
		Release|Any CPU = Release|Any CPU
	EndGlobalSection
	GlobalSection(SolutionProperties) = preSolution
		HideSolutionNode = FALSE
	EndGlobalSection
	GlobalSection(ProjectConfigurationPlatforms) = postSolution
		{B2D3E4EF-9D73-410D-83E7-47FE8CB397BB}.Debug|Any CPU.ActiveCfg = Debug|Any CPU
		{B2D3E4EF-9D73-410D-83E7-47FE8CB397BB}.Debug|Any CPU.Build.0 = Debug|Any CPU
		{B2D3E4EF-9D73-410D-83E7-47FE8CB397BB}.Release|Any CPU.ActiveCfg = Release|Any CPU
		{B2D3E4EF-9D73-410D-83E7-47FE8CB397BB}.Release|Any CPU.Build.0 = Release|Any CPU
		{98BA1543-6F77-4524-AB73-273AA11C49C9}.Debug|Any CPU.ActiveCfg = Debug|Any CPU
		{98BA1543-6F77-4524-AB73-273AA11C49C9}.Debug|Any CPU.Build.0 = Debug|Any CPU
		{98BA1543-6F77-4524-AB73-273AA11C49C9}.Release|Any CPU.ActiveCfg = Release|Any CPU
		{98BA1543-6F77-4524-AB73-273AA11C49C9}.Release|Any CPU.Build.0 = Release|Any CPU
		{D2B8A91F-B4CA-4120-9430-20ACD871769E}.Debug|Any CPU.ActiveCfg = Debug|Any CPU
		{D2B8A91F-B4CA-4120-9430-20ACD871769E}.Debug|Any CPU.Build.0 = Debug|Any CPU
		{D2B8A91F-B4CA-4120-9430-20ACD871769E}.Release|Any CPU.ActiveCfg = Release|Any CPU
		{D2B8A91F-B4CA-4120-9430-20ACD871769E}.Release|Any CPU.Build.0 = Release|Any CPU
		{801803E9-EC5B-410A-82D3-2A30F2CDE3A9}.Debug|Any CPU.ActiveCfg = Debug|Any CPU
		{801803E9-EC5B-410A-82D3-2A30F2CDE3A9}.Debug|Any CPU.Build.0 = Debug|Any CPU
		{801803E9-EC5B-410A-82D3-2A30F2CDE3A9}.Release|Any CPU.ActiveCfg = Release|Any CPU
		{801803E9-EC5B-410A-82D3-2A30F2CDE3A9}.Release|Any CPU.Build.0 = Release|Any CPU
		{CAC5E72D-54E4-4E44-BF35-36586FB45F63}.Debug|Any CPU.ActiveCfg = Debug|Any CPU
		{CAC5E72D-54E4-4E44-BF35-36586FB45F63}.Debug|Any CPU.Build.0 = Debug|Any CPU
		{CAC5E72D-54E4-4E44-BF35-36586FB45F63}.Release|Any CPU.ActiveCfg = Release|Any CPU
		{CAC5E72D-54E4-4E44-BF35-36586FB45F63}.Release|Any CPU.Build.0 = Release|Any CPU
		{87722185-91F4-4B0B-8B15-543C1E495B38}.Debug|Any CPU.ActiveCfg = Debug|Any CPU
		{87722185-91F4-4B0B-8B15-543C1E495B38}.Debug|Any CPU.Build.0 = Debug|Any CPU
		{87722185-91F4-4B0B-8B15-543C1E495B38}.Release|Any CPU.ActiveCfg = Release|Any CPU
		{87722185-91F4-4B0B-8B15-543C1E495B38}.Release|Any CPU.Build.0 = Release|Any CPU
		{E48D7833-7FFE-465E-868A-646117D44DA3}.Debug|Any CPU.ActiveCfg = Debug|Any CPU
		{E48D7833-7FFE-465E-868A-646117D44DA3}.Debug|Any CPU.Build.0 = Debug|Any CPU
		{E48D7833-7FFE-465E-868A-646117D44DA3}.Release|Any CPU.ActiveCfg = Release|Any CPU
		{E48D7833-7FFE-465E-868A-646117D44DA3}.Release|Any CPU.Build.0 = Release|Any CPU
		{4588B332-FE77-45A1-8CF0-BCFF55D1954D}.Debug|Any CPU.ActiveCfg = Debug|Any CPU
		{4588B332-FE77-45A1-8CF0-BCFF55D1954D}.Debug|Any CPU.Build.0 = Debug|Any CPU
		{4588B332-FE77-45A1-8CF0-BCFF55D1954D}.Release|Any CPU.ActiveCfg = Release|Any CPU
		{4588B332-FE77-45A1-8CF0-BCFF55D1954D}.Release|Any CPU.Build.0 = Release|Any CPU
		{3D84AFCA-AD5A-419F-A19F-2C4739C12C4C}.Debug|Any CPU.ActiveCfg = Debug|Any CPU
		{3D84AFCA-AD5A-419F-A19F-2C4739C12C4C}.Debug|Any CPU.Build.0 = Debug|Any CPU
		{3D84AFCA-AD5A-419F-A19F-2C4739C12C4C}.Release|Any CPU.ActiveCfg = Release|Any CPU
		{3D84AFCA-AD5A-419F-A19F-2C4739C12C4C}.Release|Any CPU.Build.0 = Release|Any CPU
		{380CCBFF-0856-4605-A648-F2C5E12DC7BC}.Debug|Any CPU.ActiveCfg = Debug|Any CPU
		{380CCBFF-0856-4605-A648-F2C5E12DC7BC}.Debug|Any CPU.Build.0 = Debug|Any CPU
		{380CCBFF-0856-4605-A648-F2C5E12DC7BC}.Release|Any CPU.ActiveCfg = Release|Any CPU
		{380CCBFF-0856-4605-A648-F2C5E12DC7BC}.Release|Any CPU.Build.0 = Release|Any CPU
	EndGlobalSection
EndGlobal
